
Microsoft Visual Studio Solution File, Format Version 12.00
# Visual Studio Version 17
VisualStudioVersion = 17.9.34701.34
MinimumVisualStudioVersion = 10.0.40219.1
Project("{FAE04EC0-301F-11D3-BF4B-00C04F79EFBC}") = "Task1", "Task1\Task1.csproj", "{AE7E3648-F1F1-45AD-ABB5-4A770B322AE5}"
EndProject
Global
	GlobalSection(SolutionConfigurationPlatforms) = preSolution
		Debug|Any CPU = Debug|Any CPU
		Release|Any CPU = Release|Any CPU
	EndGlobalSection
	GlobalSection(ProjectConfigurationPlatforms) = postSolution
		{AE7E3648-F1F1-45AD-ABB5-4A770B322AE5}.Debug|Any CPU.ActiveCfg = Debug|Any CPU
		{AE7E3648-F1F1-45AD-ABB5-4A770B322AE5}.Debug|Any CPU.Build.0 = Debug|Any CPU
		{AE7E3648-F1F1-45AD-ABB5-4A770B322AE5}.Release|Any CPU.ActiveCfg = Release|Any CPU
		{AE7E3648-F1F1-45AD-ABB5-4A770B322AE5}.Release|Any CPU.Build.0 = Release|Any CPU
	EndGlobalSection
	GlobalSection(SolutionProperties) = preSolution
		HideSolutionNode = FALSE
	EndGlobalSection
	GlobalSection(ExtensibilityGlobals) = postSolution
		SolutionGuid = {5FC02DFB-D0CD-424E-8B13-BF65311EA1A4}
	EndGlobalSection
EndGlobal
